version = 1
revision = 2
requires-python = ">=3.13"

[[package]]
name = "basedpyright"
version = "1.29.1"
source = { registry = "https://pypi.org/simple" }
dependencies = [
    { name = "nodejs-wheel-binaries" },
]
sdist = { url = "https://files.pythonhosted.org/packages/b9/18/f5e488eac4960ad9a2e71b95f0d91cf93a982c7f68aa90e4e0554f0bc37e/basedpyright-1.29.1.tar.gz", hash = "sha256:06bbe6c3b50ab4af20f80e154049477a50d8b81d2522eadbc9f472f2f92cd44b", size = 21773469, upload-time = "2025-04-23T13:29:42.47Z" }
wheels = [
    { url = "https://files.pythonhosted.org/packages/95/1b/1bb837bbb7e259928f33d3c105dfef4f5349ef08b3ef45576801256e3234/basedpyright-1.29.1-py3-none-any.whl", hash = "sha256:b7eb65b9d4aaeeea29a349ac494252032a75a364942d0ac466d7f07ddeacc786", size = 11397959, upload-time = "2025-04-23T13:29:38.106Z" },
]

[[package]]
name = "beartype"
version = "0.20.2"
source = { registry = "https://pypi.org/simple" }
sdist = { url = "https://files.pythonhosted.org/packages/8a/99/eaf0847301a6ca2042927c83f8cc72a29c153132ce49d9a720fe121440ba/beartype-0.20.2.tar.gz", hash = "sha256:38c60c065ad99364a8c767e8a0e71ba8263d467b91414ed5dcffb7758a2e8079", size = 1410390, upload-time = "2025-03-22T04:56:03.899Z" }
wheels = [
    { url = "https://files.pythonhosted.org/packages/78/05/536d025b3e17cf938f836665dde32e86f65ee76acd0ae14e22bda6aee274/beartype-0.20.2-py3-none-any.whl", hash = "sha256:5171a91ecf01438a59884f0cde37d2d5da2c992198b53d6ba31db3940f47ff04", size = 1161292, upload-time = "2025-03-22T04:56:01.77Z" },
]

[[package]]
name = "ckdl"
version = "1.0"
source = { registry = "https://pypi.org/simple" }
sdist = { url = "https://files.pythonhosted.org/packages/4c/20/8de5ece1f086f96bd6fde5e05c49efb4f725ff6bf060ae24507d6d99ab7a/ckdl-1.0.tar.gz", hash = "sha256:e37546ea9cfe12ed0033c9a03833c0405409d9209802d728755f978dd025eacb", size = 93438, upload-time = "2024-12-21T19:43:22.91Z" }
wheels = [
    { url = "https://files.pythonhosted.org/packages/2e/84/1126be26aa8b6ae73eb3e89972c18eb339500d1b7a8ad8a8fbcf8ce80247/ckdl-1.0-cp313-cp313-macosx_10_13_x86_64.whl", hash = "sha256:dbf171e80cb3ba4c78c43b41913054c36a50645b48278426df7123244f8129a8", size = 112621, upload-time = "2024-12-21T19:42:04.246Z" },
    { url = "https://files.pythonhosted.org/packages/eb/bc/436070148e6f40befb7fdc1901349e4942b92177dc9860e49e7ed360aefb/ckdl-1.0-cp313-cp313-macosx_11_0_arm64.whl", hash = "sha256:7546cee3f6ab1edd0c28a7160a7b07f72943e3e781daa0f96214d4a948c5c5aa", size = 104718, upload-time = "2024-12-21T19:42:06.807Z" },
    { url = "https://files.pythonhosted.org/packages/43/52/73d6dd877d3591dad1d0f78d29ebd7de41bb5f5258599093a55b079de377/ckdl-1.0-cp313-cp313-manylinux_2_17_x86_64.manylinux2014_x86_64.whl", hash = "sha256:6d1680b2d0a20704a52b02e02146c4f9e0b250747e6260f8b95e1f612c11f333", size = 133387, upload-time = "2024-12-21T19:42:09.343Z" },
    { url = "https://files.pythonhosted.org/packages/6a/bb/bd0ec0b14f7ea44bbaf58511f52681826ad9885558d4624f577bc8f724f9/ckdl-1.0-cp313-cp313-manylinux_2_5_i686.manylinux1_i686.manylinux_2_17_i686.manylinux2014_i686.whl", hash = "sha256:5b84102837be3cd78b9301bde2780ee8e400db323666d9d13a24d6fa34884340", size = 140320, upload-time = "2024-12-21T19:42:11.796Z" },
    { url = "https://files.pythonhosted.org/packages/6a/5d/7d3e9cfa2739904a60ba13a3eec75a1e3dc846163835ddbc4f8e4999cb33/ckdl-1.0-cp313-cp313-musllinux_1_2_i686.whl", hash = "sha256:738598cba5c13f30fd1f892c4652e5180aa09b4895a8bc33bc76cc2a3663e642", size = 141465, upload-time = "2024-12-21T19:42:13.269Z" },
    { url = "https://files.pythonhosted.org/packages/85/7f/566f6c421e0729c1e32473960aa1dda718270cab5207974bf03bb95b038a/ckdl-1.0-cp313-cp313-musllinux_1_2_x86_64.whl", hash = "sha256:da67f139b70439f0012aa66d2cc225cd226656957a068f77db602b5b628cb55f", size = 133591, upload-time = "2024-12-21T19:42:14.577Z" },
    { url = "https://files.pythonhosted.org/packages/c3/37/b0da0b7e8bddcb4099f8b0ac7314210c77b584729001fd1e68033a0405fa/ckdl-1.0-cp313-cp313-win32.whl", hash = "sha256:21b0c8ddffafb11cdc48fd99cc20e632ab3dadb1842db55821328b8fd757d49e", size = 89435, upload-time = "2024-12-21T19:42:16.976Z" },
    { url = "https://files.pythonhosted.org/packages/26/b6/bfaae4f465b942d6f978a4ed555118d160cc493c805f2bc2cf63a463df29/ckdl-1.0-cp313-cp313-win_amd64.whl", hash = "sha256:fe64d62943a26260b4892a5803403e374bb926561feee34cbe3f112f1a64f78d", size = 104300, upload-time = "2024-12-21T19:42:19.518Z" },
]

[[package]]
name = "colorama"
version = "0.4.6"
source = { registry = "https://pypi.org/simple" }
sdist = { url = "https://files.pythonhosted.org/packages/d8/53/6f443c9a4a8358a93a6792e2acffb9d9d5cb0a5cfd8802644b7b1c9a02e4/colorama-0.4.6.tar.gz", hash = "sha256:08695f5cb7ed6e0531a20572697297273c47b8cae5a63ffc6d6ed5c201be6e44", size = 27697, upload-time = "2022-10-25T02:36:22.414Z" }
wheels = [
    { url = "https://files.pythonhosted.org/packages/d1/d6/3965ed04c63042e047cb6a3e6ed1a63a35087b6a609aa3a15ed8ac56c221/colorama-0.4.6-py2.py3-none-any.whl", hash = "sha256:4f1d9991f5acc0ca119f9d443620b77f9d6b33703e51011c16baf57afb285fc6", size = 25335, upload-time = "2022-10-25T02:36:20.889Z" },
]

[[package]]
name = "fire"
version = "0.7.0"
source = { registry = "https://pypi.org/simple" }
dependencies = [
    { name = "termcolor" },
]
sdist = { url = "https://files.pythonhosted.org/packages/6b/b6/82c7e601d6d3c3278c40b7bd35e17e82aa227f050aa9f66cb7b7fce29471/fire-0.7.0.tar.gz", hash = "sha256:961550f07936eaf65ad1dc8360f2b2bf8408fad46abbfa4d2a3794f8d2a95cdf", size = 87189, upload-time = "2024-10-01T14:29:31.585Z" }

[[package]]
name = "iniconfig"
version = "2.1.0"
source = { registry = "https://pypi.org/simple" }
sdist = { url = "https://files.pythonhosted.org/packages/f2/97/ebf4da567aa6827c909642694d71c9fcf53e5b504f2d96afea02718862f3/iniconfig-2.1.0.tar.gz", hash = "sha256:3abbd2e30b36733fee78f9c7f7308f2d0050e88f0087fd25c2645f63c773e1c7", size = 4793, upload-time = "2025-03-19T20:09:59.721Z" }
wheels = [
    { url = "https://files.pythonhosted.org/packages/2c/e1/e6716421ea10d38022b952c159d5161ca1193197fb744506875fbb87ea7b/iniconfig-2.1.0-py3-none-any.whl", hash = "sha256:9deba5723312380e77435581c6bf4935c94cbfab9b1ed33ef8d238ea168eb760", size = 6050, upload-time = "2025-03-19T20:10:01.071Z" },
]

[[package]]
name = "largescaler"
version = "0.1.0"
source = { virtual = "." }
dependencies = [
    { name = "beartype" },
    { name = "ckdl" },
    { name = "fire" },
]

[package.dev-dependencies]
dev = [
    { name = "basedpyright" },
    { name = "pytest" },
    { name = "ruff" },
]

[package.metadata]
requires-dist = [
    { name = "beartype", specifier = ">=0.20.2" },
    { name = "ckdl", specifier = ">=1.0" },
    { name = "fire", specifier = ">=0.7.0" },
]

[package.metadata.requires-dev]
dev = [
    { name = "basedpyright", specifier = ">=1.29.1" },
    { name = "pytest", specifier = ">=8.3.5" },
    { name = "ruff", specifier = ">=0.11.8" },
]

[[package]]
name = "nodejs-wheel-binaries"
version = "22.15.0"
source = { registry = "https://pypi.org/simple" }
sdist = { url = "https://files.pythonhosted.org/packages/45/5b/6c5f973765b96793d4e4d03684bcbd273b17e471ecc7e9bec4c32b595ebd/nodejs_wheel_binaries-22.15.0.tar.gz", hash = "sha256:ff81aa2a79db279c2266686ebcb829b6634d049a5a49fc7dc6921e4f18af9703", size = 8054, upload-time = "2025-04-23T16:57:40.338Z" }
wheels = [
    { url = "https://files.pythonhosted.org/packages/d3/a8/a32e5bb99e95c536e7dac781cffab1e7e9f8661b8ee296b93df77e4df7f9/nodejs_wheel_binaries-22.15.0-py2.py3-none-macosx_11_0_arm64.whl", hash = "sha256:aa16366d48487fff89446fb237693e777aa2ecd987208db7d4e35acc40c3e1b1", size = 50514526, upload-time = "2025-04-23T16:57:07.478Z" },
    { url = "https://files.pythonhosted.org/packages/05/e8/eb024dbb3a7d3b98c8922d1c306be989befad4d2132292954cb902f43b07/nodejs_wheel_binaries-22.15.0-py2.py3-none-macosx_11_0_x86_64.whl", hash = "sha256:a54bb3fee9170003fa8abc69572d819b2b1540344eff78505fcc2129a9175596", size = 51409179, upload-time = "2025-04-23T16:57:11.599Z" },
    { url = "https://files.pythonhosted.org/packages/3f/0f/baa968456c3577e45c7d0e3715258bd175dcecc67b683a41a5044d5dae40/nodejs_wheel_binaries-22.15.0-py2.py3-none-manylinux_2_17_aarch64.manylinux2014_aarch64.whl", hash = "sha256:867121ccf99d10523f6878a26db86e162c4939690e24cfb5bea56d01ea696c93", size = 57364460, upload-time = "2025-04-23T16:57:15.725Z" },
    { url = "https://files.pythonhosted.org/packages/2f/a2/977f63cd07ed8fc27bc0d0cd72e801fc3691ffc8cd40a51496ff18a6d0a2/nodejs_wheel_binaries-22.15.0-py2.py3-none-manylinux_2_17_x86_64.manylinux2014_x86_64.whl", hash = "sha256:0ab0fbcda2ddc8aab7db1505d72cb958f99324b3834c4543541a305e02bfe860", size = 57889101, upload-time = "2025-04-23T16:57:19.643Z" },
    { url = "https://files.pythonhosted.org/packages/67/7f/57b9c24a4f0d25490527b043146aa0fdff2d8fdc82f90667cdaf6f00cfc9/nodejs_wheel_binaries-22.15.0-py2.py3-none-musllinux_1_2_aarch64.whl", hash = "sha256:2bde1d8e00cd955b9ce9ee9ac08309923e2778a790ee791b715e93e487e74bfd", size = 59190817, upload-time = "2025-04-23T16:57:23.875Z" },
    { url = "https://files.pythonhosted.org/packages/fd/7f/970acbe33b81c22b3c7928f52e32347030aa46d23d779cf781cf9a9cf557/nodejs_wheel_binaries-22.15.0-py2.py3-none-musllinux_1_2_x86_64.whl", hash = "sha256:acdd4ef73b6701aab9fbe02ac5e104f208a5e3c300402fa41ad7bc7f49499fbf", size = 60220316, upload-time = "2025-04-23T16:57:28.276Z" },
    { url = "https://files.pythonhosted.org/packages/07/4c/030243c04bb60f0de66c2d7ee3be289c6d28ef09113c06ffa417bdfedf8f/nodejs_wheel_binaries-22.15.0-py2.py3-none-win_amd64.whl", hash = "sha256:51deaf13ee474e39684ce8c066dfe86240edb94e7241950ca789befbbbcbd23d", size = 40718853, upload-time = "2025-04-23T16:57:32.651Z" },
    { url = "https://files.pythonhosted.org/packages/1f/49/011d472814af4fabeaab7d7ce3d5a1a635a3dadc23ae404d1f546839ecb3/nodejs_wheel_binaries-22.15.0-py2.py3-none-win_arm64.whl", hash = "sha256:01a3fe4d60477f93bf21a44219db33548c75d7fed6dc6e6f4c05cf0adf015609", size = 36436645, upload-time = "2025-04-23T16:57:36.326Z" },
]

[[package]]
name = "packaging"
version = "25.0"
source = { registry = "https://pypi.org/simple" }
sdist = { url = "https://files.pythonhosted.org/packages/a1/d4/1fc4078c65507b51b96ca8f8c3ba19e6a61c8253c72794544580a7b6c24d/packaging-25.0.tar.gz", hash = "sha256:d443872c98d677bf60f6a1f2f8c1cb748e8fe762d2bf9d3148b5599295b0fc4f", size = 165727, upload-time = "2025-04-19T11:48:59.673Z" }
wheels = [
    { url = "https://files.pythonhosted.org/packages/20/12/38679034af332785aac8774540895e234f4d07f7545804097de4b666afd8/packaging-25.0-py3-none-any.whl", hash = "sha256:29572ef2b1f17581046b3a2227d5c611fb25ec70ca1ba8554b24b0e69331a484", size = 66469, upload-time = "2025-04-19T11:48:57.875Z" },
]

[[package]]
name = "pluggy"
version = "1.5.0"
source = { registry = "https://pypi.org/simple" }
sdist = { url = "https://files.pythonhosted.org/packages/96/2d/02d4312c973c6050a18b314a5ad0b3210edb65a906f868e31c111dede4a6/pluggy-1.5.0.tar.gz", hash = "sha256:2cffa88e94fdc978c4c574f15f9e59b7f4201d439195c3715ca9e2486f1d0cf1", size = 67955, upload-time = "2024-04-20T21:34:42.531Z" }
wheels = [
    { url = "https://files.pythonhosted.org/packages/88/5f/e351af9a41f866ac3f1fac4ca0613908d9a41741cfcf2228f4ad853b697d/pluggy-1.5.0-py3-none-any.whl", hash = "sha256:44e1ad92c8ca002de6377e165f3e0f1be63266ab4d554740532335b9d75ea669", size = 20556, upload-time = "2024-04-20T21:34:40.434Z" },
]

[[package]]
name = "pytest"
version = "8.3.5"
source = { registry = "https://pypi.org/simple" }
dependencies = [
    { name = "colorama", marker = "sys_platform == 'win32'" },
    { name = "iniconfig" },
    { name = "packaging" },
    { name = "pluggy" },
]
sdist = { url = "https://files.pythonhosted.org/packages/ae/3c/c9d525a414d506893f0cd8a8d0de7706446213181570cdbd766691164e40/pytest-8.3.5.tar.gz", hash = "sha256:f4efe70cc14e511565ac476b57c279e12a855b11f48f212af1080ef2263d3845", size = 1450891, upload-time = "2025-03-02T12:54:54.503Z" }
wheels = [
    { url = "https://files.pythonhosted.org/packages/30/3d/64ad57c803f1fa1e963a7946b6e0fea4a70df53c1a7fed304586539c2bac/pytest-8.3.5-py3-none-any.whl", hash = "sha256:c69214aa47deac29fad6c2a4f590b9c4a9fdb16a403176fe154b79c0b4d4d820", size = 343634, upload-time = "2025-03-02T12:54:52.069Z" },
]

[[package]]
name = "ruff"
version = "0.11.8"
source = { registry = "https://pypi.org/simple" }
sdist = { url = "https://files.pythonhosted.org/packages/52/f6/adcf73711f31c9f5393862b4281c875a462d9f639f4ccdf69dc368311c20/ruff-0.11.8.tar.gz", hash = "sha256:6d742d10626f9004b781f4558154bb226620a7242080e11caeffab1a40e99df8", size = 4086399, upload-time = "2025-05-01T14:53:24.459Z" }
wheels = [
    { url = "https://files.pythonhosted.org/packages/9f/60/c6aa9062fa518a9f86cb0b85248245cddcd892a125ca00441df77d79ef88/ruff-0.11.8-py3-none-linux_armv6l.whl", hash = "sha256:896a37516c594805e34020c4a7546c8f8a234b679a7716a3f08197f38913e1a3", size = 10272473, upload-time = "2025-05-01T14:52:37.252Z" },
    { url = "https://files.pythonhosted.org/packages/a0/e4/0325e50d106dc87c00695f7bcd5044c6d252ed5120ebf423773e00270f50/ruff-0.11.8-py3-none-macosx_10_12_x86_64.whl", hash = "sha256:ab86d22d3d721a40dd3ecbb5e86ab03b2e053bc93c700dc68d1c3346b36ce835", size = 11040862, upload-time = "2025-05-01T14:52:41.022Z" },
    { url = "https://files.pythonhosted.org/packages/e6/27/b87ea1a7be37fef0adbc7fd987abbf90b6607d96aa3fc67e2c5b858e1e53/ruff-0.11.8-py3-none-macosx_11_0_arm64.whl", hash = "sha256:258f3585057508d317610e8a412788cf726efeefa2fec4dba4001d9e6f90d46c", size = 10385273, upload-time = "2025-05-01T14:52:43.551Z" },
    { url = "https://files.pythonhosted.org/packages/d3/f7/3346161570d789045ed47a86110183f6ac3af0e94e7fd682772d89f7f1a1/ruff-0.11.8-py3-none-manylinux_2_17_aarch64.manylinux2014_aarch64.whl", hash = "sha256:727d01702f7c30baed3fc3a34901a640001a2828c793525043c29f7614994a8c", size = 10578330, upload-time = "2025-05-01T14:52:45.48Z" },
    { url = "https://files.pythonhosted.org/packages/c6/c3/327fb950b4763c7b3784f91d3038ef10c13b2d42322d4ade5ce13a2f9edb/ruff-0.11.8-py3-none-manylinux_2_17_armv7l.manylinux2014_armv7l.whl", hash = "sha256:3dca977cc4fc8f66e89900fa415ffe4dbc2e969da9d7a54bfca81a128c5ac219", size = 10122223, upload-time = "2025-05-01T14:52:47.675Z" },
    { url = "https://files.pythonhosted.org/packages/de/c7/ba686bce9adfeb6c61cb1bbadc17d58110fe1d602f199d79d4c880170f19/ruff-0.11.8-py3-none-manylinux_2_17_i686.manylinux2014_i686.whl", hash = "sha256:c657fa987d60b104d2be8b052d66da0a2a88f9bd1d66b2254333e84ea2720c7f", size = 11697353, upload-time = "2025-05-01T14:52:50.264Z" },
    { url = "https://files.pythonhosted.org/packages/53/8e/a4fb4a1ddde3c59e73996bb3ac51844ff93384d533629434b1def7a336b0/ruff-0.11.8-py3-none-manylinux_2_17_ppc64.manylinux2014_ppc64.whl", hash = "sha256:f2e74b021d0de5eceb8bd32919f6ff8a9b40ee62ed97becd44993ae5b9949474", size = 12375936, upload-time = "2025-05-01T14:52:52.394Z" },
    { url = "https://files.pythonhosted.org/packages/ad/a1/9529cb1e2936e2479a51aeb011307e7229225df9ac64ae064d91ead54571/ruff-0.11.8-py3-none-manylinux_2_17_ppc64le.manylinux2014_ppc64le.whl", hash = "sha256:f9b5ef39820abc0f2c62111f7045009e46b275f5b99d5e59dda113c39b7f4f38", size = 11850083, upload-time = "2025-05-01T14:52:55.424Z" },
    { url = "https://files.pythonhosted.org/packages/3e/94/8f7eac4c612673ae15a4ad2bc0ee62e03c68a2d4f458daae3de0e47c67ba/ruff-0.11.8-py3-none-manylinux_2_17_s390x.manylinux2014_s390x.whl", hash = "sha256:c1dba3135ca503727aa4648152c0fa67c3b1385d3dc81c75cd8a229c4b2a1458", size = 14005834, upload-time = "2025-05-01T14:52:58.056Z" },
    { url = "https://files.pythonhosted.org/packages/1e/7c/6f63b46b2be870cbf3f54c9c4154d13fac4b8827f22fa05ac835c10835b2/ruff-0.11.8-py3-none-manylinux_2_17_x86_64.manylinux2014_x86_64.whl", hash = "sha256:7f024d32e62faad0f76b2d6afd141b8c171515e4fb91ce9fd6464335c81244e5", size = 11503713, upload-time = "2025-05-01T14:53:01.244Z" },
    { url = "https://files.pythonhosted.org/packages/3a/91/57de411b544b5fe072779678986a021d87c3ee5b89551f2ca41200c5d643/ruff-0.11.8-py3-none-musllinux_1_2_aarch64.whl", hash = "sha256:d365618d3ad747432e1ae50d61775b78c055fee5936d77fb4d92c6f559741948", size = 10457182, upload-time = "2025-05-01T14:53:03.726Z" },
    { url = "https://files.pythonhosted.org/packages/01/49/cfe73e0ce5ecdd3e6f1137bf1f1be03dcc819d1bfe5cff33deb40c5926db/ruff-0.11.8-py3-none-musllinux_1_2_armv7l.whl", hash = "sha256:4d9aaa91035bdf612c8ee7266153bcf16005c7c7e2f5878406911c92a31633cb", size = 10101027, upload-time = "2025-05-01T14:53:06.555Z" },
    { url = "https://files.pythonhosted.org/packages/56/21/a5cfe47c62b3531675795f38a0ef1c52ff8de62eaddf370d46634391a3fb/ruff-0.11.8-py3-none-musllinux_1_2_i686.whl", hash = "sha256:0eba551324733efc76116d9f3a0d52946bc2751f0cd30661564117d6fd60897c", size = 11111298, upload-time = "2025-05-01T14:53:08.825Z" },
    { url = "https://files.pythonhosted.org/packages/36/98/f76225f87e88f7cb669ae92c062b11c0a1e91f32705f829bd426f8e48b7b/ruff-0.11.8-py3-none-musllinux_1_2_x86_64.whl", hash = "sha256:161eb4cff5cfefdb6c9b8b3671d09f7def2f960cee33481dd898caf2bcd02304", size = 11566884, upload-time = "2025-05-01T14:53:11.626Z" },
    { url = "https://files.pythonhosted.org/packages/de/7e/fff70b02e57852fda17bd43f99dda37b9bcf3e1af3d97c5834ff48d04715/ruff-0.11.8-py3-none-win32.whl", hash = "sha256:5b18caa297a786465cc511d7f8be19226acf9c0a1127e06e736cd4e1878c3ea2", size = 10451102, upload-time = "2025-05-01T14:53:14.303Z" },
    { url = "https://files.pythonhosted.org/packages/7b/a9/eaa571eb70648c9bde3120a1d5892597de57766e376b831b06e7c1e43945/ruff-0.11.8-py3-none-win_amd64.whl", hash = "sha256:6e70d11043bef637c5617297bdedec9632af15d53ac1e1ba29c448da9341b0c4", size = 11597410, upload-time = "2025-05-01T14:53:16.571Z" },
    { url = "https://files.pythonhosted.org/packages/cd/be/f6b790d6ae98f1f32c645f8540d5c96248b72343b0a56fab3a07f2941897/ruff-0.11.8-py3-none-win_arm64.whl", hash = "sha256:304432e4c4a792e3da85b7699feb3426a0908ab98bf29df22a31b0cdd098fac2", size = 10713129, upload-time = "2025-05-01T14:53:22.27Z" },
]

[[package]]
name = "termcolor"
version = "3.1.0"
source = { registry = "https://pypi.org/simple" }
sdist = { url = "https://files.pythonhosted.org/packages/ca/6c/3d75c196ac07ac8749600b60b03f4f6094d54e132c4d94ebac6ee0e0add0/termcolor-3.1.0.tar.gz", hash = "sha256:6a6dd7fbee581909eeec6a756cff1d7f7c376063b14e4a298dc4980309e55970", size = 14324, upload-time = "2025-04-30T11:37:53.791Z" }
wheels = [
    { url = "https://files.pythonhosted.org/packages/4f/bd/de8d508070629b6d84a30d01d57e4a65c69aa7f5abe7560b8fad3b50ea59/termcolor-3.1.0-py3-none-any.whl", hash = "sha256:591dd26b5c2ce03b9e43f391264626557873ce1d379019786f99b0c2bee140aa", size = 7684, upload-time = "2025-04-30T11:37:52.382Z" },
]
