version = 1
revision = 2
requires-python = ">=3.13"

[[package]]
name = "ckdl"
version = "1.0"
source = { registry = "https://pypi.org/simple" }
sdist = { url = "https://files.pythonhosted.org/packages/4c/20/8de5ece1f086f96bd6fde5e05c49efb4f725ff6bf060ae24507d6d99ab7a/ckdl-1.0.tar.gz", hash = "sha256:e37546ea9cfe12ed0033c9a03833c0405409d9209802d728755f978dd025eacb", size = 93438, upload-time = "2024-12-21T19:43:22.91Z" }
wheels = [
    { url = "https://files.pythonhosted.org/packages/2e/84/1126be26aa8b6ae73eb3e89972c18eb339500d1b7a8ad8a8fbcf8ce80247/ckdl-1.0-cp313-cp313-macosx_10_13_x86_64.whl", hash = "sha256:dbf171e80cb3ba4c78c43b41913054c36a50645b48278426df7123244f8129a8", size = 112621, upload-time = "2024-12-21T19:42:04.246Z" },
    { url = "https://files.pythonhosted.org/packages/eb/bc/436070148e6f40befb7fdc1901349e4942b92177dc9860e49e7ed360aefb/ckdl-1.0-cp313-cp313-macosx_11_0_arm64.whl", hash = "sha256:7546cee3f6ab1edd0c28a7160a7b07f72943e3e781daa0f96214d4a948c5c5aa", size = 104718, upload-time = "2024-12-21T19:42:06.807Z" },
    { url = "https://files.pythonhosted.org/packages/43/52/73d6dd877d3591dad1d0f78d29ebd7de41bb5f5258599093a55b079de377/ckdl-1.0-cp313-cp313-manylinux_2_17_x86_64.manylinux2014_x86_64.whl", hash = "sha256:6d1680b2d0a20704a52b02e02146c4f9e0b250747e6260f8b95e1f612c11f333", size = 133387, upload-time = "2024-12-21T19:42:09.343Z" },
    { url = "https://files.pythonhosted.org/packages/6a/bb/bd0ec0b14f7ea44bbaf58511f52681826ad9885558d4624f577bc8f724f9/ckdl-1.0-cp313-cp313-manylinux_2_5_i686.manylinux1_i686.manylinux_2_17_i686.manylinux2014_i686.whl", hash = "sha256:5b84102837be3cd78b9301bde2780ee8e400db323666d9d13a24d6fa34884340", size = 140320, upload-time = "2024-12-21T19:42:11.796Z" },
    { url = "https://files.pythonhosted.org/packages/6a/5d/7d3e9cfa2739904a60ba13a3eec75a1e3dc846163835ddbc4f8e4999cb33/ckdl-1.0-cp313-cp313-musllinux_1_2_i686.whl", hash = "sha256:738598cba5c13f30fd1f892c4652e5180aa09b4895a8bc33bc76cc2a3663e642", size = 141465, upload-time = "2024-12-21T19:42:13.269Z" },
    { url = "https://files.pythonhosted.org/packages/85/7f/566f6c421e0729c1e32473960aa1dda718270cab5207974bf03bb95b038a/ckdl-1.0-cp313-cp313-musllinux_1_2_x86_64.whl", hash = "sha256:da67f139b70439f0012aa66d2cc225cd226656957a068f77db602b5b628cb55f", size = 133591, upload-time = "2024-12-21T19:42:14.577Z" },
    { url = "https://files.pythonhosted.org/packages/c3/37/b0da0b7e8bddcb4099f8b0ac7314210c77b584729001fd1e68033a0405fa/ckdl-1.0-cp313-cp313-win32.whl", hash = "sha256:21b0c8ddffafb11cdc48fd99cc20e632ab3dadb1842db55821328b8fd757d49e", size = 89435, upload-time = "2024-12-21T19:42:16.976Z" },
    { url = "https://files.pythonhosted.org/packages/26/b6/bfaae4f465b942d6f978a4ed555118d160cc493c805f2bc2cf63a463df29/ckdl-1.0-cp313-cp313-win_amd64.whl", hash = "sha256:fe64d62943a26260b4892a5803403e374bb926561feee34cbe3f112f1a64f78d", size = 104300, upload-time = "2024-12-21T19:42:19.518Z" },
]

[[package]]
name = "fire"
version = "0.7.0"
source = { registry = "https://pypi.org/simple" }
dependencies = [
    { name = "termcolor" },
]
sdist = { url = "https://files.pythonhosted.org/packages/6b/b6/82c7e601d6d3c3278c40b7bd35e17e82aa227f050aa9f66cb7b7fce29471/fire-0.7.0.tar.gz", hash = "sha256:961550f07936eaf65ad1dc8360f2b2bf8408fad46abbfa4d2a3794f8d2a95cdf", size = 87189, upload-time = "2024-10-01T14:29:31.585Z" }

[[package]]
name = "largescaler"
version = "0.1.0"
source = { virtual = "." }
dependencies = [
    { name = "ckdl" },
    { name = "fire" },
]

[package.metadata]
requires-dist = [
    { name = "ckdl", specifier = ">=1.0" },
    { name = "fire", specifier = ">=0.7.0" },
]

[[package]]
name = "termcolor"
version = "3.1.0"
source = { registry = "https://pypi.org/simple" }
sdist = { url = "https://files.pythonhosted.org/packages/ca/6c/3d75c196ac07ac8749600b60b03f4f6094d54e132c4d94ebac6ee0e0add0/termcolor-3.1.0.tar.gz", hash = "sha256:6a6dd7fbee581909eeec6a756cff1d7f7c376063b14e4a298dc4980309e55970", size = 14324, upload-time = "2025-04-30T11:37:53.791Z" }
wheels = [
    { url = "https://files.pythonhosted.org/packages/4f/bd/de8d508070629b6d84a30d01d57e4a65c69aa7f5abe7560b8fad3b50ea59/termcolor-3.1.0-py3-none-any.whl", hash = "sha256:591dd26b5c2ce03b9e43f391264626557873ce1d379019786f99b0c2bee140aa", size = 7684, upload-time = "2025-04-30T11:37:52.382Z" },
]
